
Microsoft Visual Studio Solution File, Format Version 12.00
Project("{2150E333-8FDC-42A3-9474-1A3956D46DE8}") = "Services", "Services", "{114C323D-5A9F-4486-9322-8653C2DA503A}"
EndProject
Project("{2150E333-8FDC-42A3-9474-1A3956D46DE8}") = "Catalog", "Catalog", "{040401E8-707C-4803-BFCD-50B1165216D3}"
EndProject
Project("{2150E333-8FDC-42A3-9474-1A3956D46DE8}") = "Shared", "Shared", "{76304FC1-D022-466B-80A8-024F2D364BD9}"
EndProject
Project("{FAE04EC0-301F-11D3-BF4B-00C04F79EFBC}") = "Catalog.Domain", "src\Services\Catalog\Catalog.Domain\Catalog.Domain.csproj", "{2246CEDC-A545-443D-AD0B-8BDAB12EEFAB}"
EndProject
Project("{FAE04EC0-301F-11D3-BF4B-00C04F79EFBC}") = "Domain.SeedWork", "src\Shared\Domain.SeedWork\Domain.SeedWork.csproj", "{9909622F-2477-4D23-B5C6-5EDA3F87D7DA}"
EndProject
Project("{FAE04EC0-301F-11D3-BF4B-00C04F79EFBC}") = "Catalog.Application", "src\Services\Catalog\Catalog.Application\Catalog.Application.csproj", "{135AE3CC-003B-465A-94E3-5CF54F4A48D4}"
EndProject
Project("{FAE04EC0-301F-11D3-BF4B-00C04F79EFBC}") = "Application.Shared", "src\Shared\Application.Shared\Application.Shared.csproj", "{377707F9-4E94-4D58-86F6-7E20D0309B73}"
EndProject
Project("{FAE04EC0-301F-11D3-BF4B-00C04F79EFBC}") = "Catalog.APi", "src\Services\Catalog\Catalog.APi\Catalog.APi.csproj", "{8E62115C-D2EF-47DB-894C-7B9F98779CAB}"
EndProject
Project("{FAE04EC0-301F-11D3-BF4B-00C04F79EFBC}") = "Tests", "Tests\Tests.csproj", "{5FE9D1EB-2CAA-4781-A41C-6A22FCFAE580}"
EndProject
Project("{FAE04EC0-301F-11D3-BF4B-00C04F79EFBC}") = "Catalog.Data.InMemoryJson", "src\Services\Catalog\Catalog.Data.InMemoryJson\Catalog.Data.InMemoryJson.csproj", "{70C08E42-D90D-4662-BC02-F9224CFA7741}"
EndProject
Global
	GlobalSection(SolutionConfigurationPlatforms) = preSolution
		Debug|Any CPU = Debug|Any CPU
		Release|Any CPU = Release|Any CPU
	EndGlobalSection
	GlobalSection(NestedProjects) = preSolution
		{040401E8-707C-4803-BFCD-50B1165216D3} = {114C323D-5A9F-4486-9322-8653C2DA503A}
		{2246CEDC-A545-443D-AD0B-8BDAB12EEFAB} = {040401E8-707C-4803-BFCD-50B1165216D3}
		{9909622F-2477-4D23-B5C6-5EDA3F87D7DA} = {76304FC1-D022-466B-80A8-024F2D364BD9}
		{135AE3CC-003B-465A-94E3-5CF54F4A48D4} = {040401E8-707C-4803-BFCD-50B1165216D3}
		{377707F9-4E94-4D58-86F6-7E20D0309B73} = {76304FC1-D022-466B-80A8-024F2D364BD9}
		{8E62115C-D2EF-47DB-894C-7B9F98779CAB} = {040401E8-707C-4803-BFCD-50B1165216D3}
		{5FE9D1EB-2CAA-4781-A41C-6A22FCFAE580} = {040401E8-707C-4803-BFCD-50B1165216D3}
		{70C08E42-D90D-4662-BC02-F9224CFA7741} = {040401E8-707C-4803-BFCD-50B1165216D3}
	EndGlobalSection
	GlobalSection(ProjectConfigurationPlatforms) = postSolution
		{2246CEDC-A545-443D-AD0B-8BDAB12EEFAB}.Debug|Any CPU.ActiveCfg = Debug|Any CPU
		{2246CEDC-A545-443D-AD0B-8BDAB12EEFAB}.Debug|Any CPU.Build.0 = Debug|Any CPU
		{2246CEDC-A545-443D-AD0B-8BDAB12EEFAB}.Release|Any CPU.ActiveCfg = Release|Any CPU
		{2246CEDC-A545-443D-AD0B-8BDAB12EEFAB}.Release|Any CPU.Build.0 = Release|Any CPU
		{9909622F-2477-4D23-B5C6-5EDA3F87D7DA}.Debug|Any CPU.ActiveCfg = Debug|Any CPU
		{9909622F-2477-4D23-B5C6-5EDA3F87D7DA}.Debug|Any CPU.Build.0 = Debug|Any CPU
		{9909622F-2477-4D23-B5C6-5EDA3F87D7DA}.Release|Any CPU.ActiveCfg = Release|Any CPU
		{9909622F-2477-4D23-B5C6-5EDA3F87D7DA}.Release|Any CPU.Build.0 = Release|Any CPU
		{135AE3CC-003B-465A-94E3-5CF54F4A48D4}.Debug|Any CPU.ActiveCfg = Debug|Any CPU
		{135AE3CC-003B-465A-94E3-5CF54F4A48D4}.Debug|Any CPU.Build.0 = Debug|Any CPU
		{135AE3CC-003B-465A-94E3-5CF54F4A48D4}.Release|Any CPU.ActiveCfg = Release|Any CPU
		{135AE3CC-003B-465A-94E3-5CF54F4A48D4}.Release|Any CPU.Build.0 = Release|Any CPU
		{377707F9-4E94-4D58-86F6-7E20D0309B73}.Debug|Any CPU.ActiveCfg = Debug|Any CPU
		{377707F9-4E94-4D58-86F6-7E20D0309B73}.Debug|Any CPU.Build.0 = Debug|Any CPU
		{377707F9-4E94-4D58-86F6-7E20D0309B73}.Release|Any CPU.ActiveCfg = Release|Any CPU
		{377707F9-4E94-4D58-86F6-7E20D0309B73}.Release|Any CPU.Build.0 = Release|Any CPU
		{8E62115C-D2EF-47DB-894C-7B9F98779CAB}.Debug|Any CPU.ActiveCfg = Debug|Any CPU
		{8E62115C-D2EF-47DB-894C-7B9F98779CAB}.Debug|Any CPU.Build.0 = Debug|Any CPU
		{8E62115C-D2EF-47DB-894C-7B9F98779CAB}.Release|Any CPU.ActiveCfg = Release|Any CPU
		{8E62115C-D2EF-47DB-894C-7B9F98779CAB}.Release|Any CPU.Build.0 = Release|Any CPU
		{5FE9D1EB-2CAA-4781-A41C-6A22FCFAE580}.Debug|Any CPU.ActiveCfg = Debug|Any CPU
		{5FE9D1EB-2CAA-4781-A41C-6A22FCFAE580}.Debug|Any CPU.Build.0 = Debug|Any CPU
		{5FE9D1EB-2CAA-4781-A41C-6A22FCFAE580}.Release|Any CPU.ActiveCfg = Release|Any CPU
		{5FE9D1EB-2CAA-4781-A41C-6A22FCFAE580}.Release|Any CPU.Build.0 = Release|Any CPU
		{70C08E42-D90D-4662-BC02-F9224CFA7741}.Debug|Any CPU.ActiveCfg = Debug|Any CPU
		{70C08E42-D90D-4662-BC02-F9224CFA7741}.Debug|Any CPU.Build.0 = Debug|Any CPU
		{70C08E42-D90D-4662-BC02-F9224CFA7741}.Release|Any CPU.ActiveCfg = Release|Any CPU
		{70C08E42-D90D-4662-BC02-F9224CFA7741}.Release|Any CPU.Build.0 = Release|Any CPU
	EndGlobalSection
EndGlobal
