
Microsoft Visual Studio Solution File, Format Version 12.00
Project("{2150E333-8FDC-42A3-9474-1A3956D46DE8}") = "Services", "Services", "{114C323D-5A9F-4486-9322-8653C2DA503A}"
EndProject
Project("{2150E333-8FDC-42A3-9474-1A3956D46DE8}") = "Catalog", "Catalog", "{040401E8-707C-4803-BFCD-50B1165216D3}"
EndProject
Project("{2150E333-8FDC-42A3-9474-1A3956D46DE8}") = "Shared", "Shared", "{76304FC1-D022-466B-80A8-024F2D364BD9}"
EndProject
Project("{FAE04EC0-301F-11D3-BF4B-00C04F79EFBC}") = "Catalog.Domain", "src\Services\Catalog\Catalog.Domain\Catalog.Domain.csproj", "{2246CEDC-A545-443D-AD0B-8BDAB12EEFAB}"
EndProject
Project("{FAE04EC0-301F-11D3-BF4B-00C04F79EFBC}") = "Domain.SeedWork", "Domain.SeedWork\Domain.SeedWork.csproj", "{1D4C436D-A33E-49D8-9A80-132A7C35914A}"
EndProject
Global
	GlobalSection(SolutionConfigurationPlatforms) = preSolution
		Debug|Any CPU = Debug|Any CPU
		Release|Any CPU = Release|Any CPU
	EndGlobalSection
	GlobalSection(NestedProjects) = preSolution
		{040401E8-707C-4803-BFCD-50B1165216D3} = {114C323D-5A9F-4486-9322-8653C2DA503A}
		{2246CEDC-A545-443D-AD0B-8BDAB12EEFAB} = {040401E8-707C-4803-BFCD-50B1165216D3}
		{1D4C436D-A33E-49D8-9A80-132A7C35914A} = {76304FC1-D022-466B-80A8-024F2D364BD9}
	EndGlobalSection
	GlobalSection(ProjectConfigurationPlatforms) = postSolution
		{2246CEDC-A545-443D-AD0B-8BDAB12EEFAB}.Debug|Any CPU.ActiveCfg = Debug|Any CPU
		{2246CEDC-A545-443D-AD0B-8BDAB12EEFAB}.Debug|Any CPU.Build.0 = Debug|Any CPU
		{2246CEDC-A545-443D-AD0B-8BDAB12EEFAB}.Release|Any CPU.ActiveCfg = Release|Any CPU
		{2246CEDC-A545-443D-AD0B-8BDAB12EEFAB}.Release|Any CPU.Build.0 = Release|Any CPU
		{1D4C436D-A33E-49D8-9A80-132A7C35914A}.Debug|Any CPU.ActiveCfg = Debug|Any CPU
		{1D4C436D-A33E-49D8-9A80-132A7C35914A}.Debug|Any CPU.Build.0 = Debug|Any CPU
		{1D4C436D-A33E-49D8-9A80-132A7C35914A}.Release|Any CPU.ActiveCfg = Release|Any CPU
		{1D4C436D-A33E-49D8-9A80-132A7C35914A}.Release|Any CPU.Build.0 = Release|Any CPU
	EndGlobalSection
EndGlobal
